
Microsoft Visual Studio Solution File, Format Version 12.00
# Visual Studio Version 17
VisualStudioVersion = 17.4.33205.214
MinimumVisualStudioVersion = 10.0.40219.1
Project("{FAE04EC0-301F-11D3-BF4B-00C04F79EFBC}") = "CSharpOdev1Methods", "CSharpOdev1Methods\CSharpOdev1Methods.csproj", "{B8C2B6F7-0177-4ED3-9528-32642FC85675}"
EndProject
Global
	GlobalSection(SolutionConfigurationPlatforms) = preSolution
		Debug|Any CPU = Debug|Any CPU
		Release|Any CPU = Release|Any CPU
	EndGlobalSection
	GlobalSection(ProjectConfigurationPlatforms) = postSolution
		{B8C2B6F7-0177-4ED3-9528-32642FC85675}.Debug|Any CPU.ActiveCfg = Debug|Any CPU
		{B8C2B6F7-0177-4ED3-9528-32642FC85675}.Debug|Any CPU.Build.0 = Debug|Any CPU
		{B8C2B6F7-0177-4ED3-9528-32642FC85675}.Release|Any CPU.ActiveCfg = Release|Any CPU
		{B8C2B6F7-0177-4ED3-9528-32642FC85675}.Release|Any CPU.Build.0 = Release|Any CPU
	EndGlobalSection
	GlobalSection(SolutionProperties) = preSolution
		HideSolutionNode = FALSE
	EndGlobalSection
	GlobalSection(ExtensibilityGlobals) = postSolution
		SolutionGuid = {13351B20-1C82-40D4-BC1A-D74EEC990CF1}
	EndGlobalSection
EndGlobal
